
Microsoft Visual Studio Solution File, Format Version 12.00
# Visual Studio Version 16
VisualStudioVersion = 16.0.31321.278
MinimumVisualStudioVersion = 10.0.40219.1
Project("{8BC9CEB8-8B4A-11D0-8D11-00A0C91BC942}") = "Project1", "Project1\Project1.vcxproj", "{D029196E-4046-4CF2-97AE-CB50800EF8C7}"
EndProject
Global
	GlobalSection(SolutionConfigurationPlatforms) = preSolution
		Debug|x64 = Debug|x64
		Debug|x86 = Debug|x86
		Release|x64 = Release|x64
		Release|x86 = Release|x86
	EndGlobalSection
	GlobalSection(ProjectConfigurationPlatforms) = postSolution
		{D029196E-4046-4CF2-97AE-CB50800EF8C7}.Debug|x64.ActiveCfg = Debug|x64
		{D029196E-4046-4CF2-97AE-CB50800EF8C7}.Debug|x64.Build.0 = Debug|x64
		{D029196E-4046-4CF2-97AE-CB50800EF8C7}.Debug|x86.ActiveCfg = Debug|Win32
		{D029196E-4046-4CF2-97AE-CB50800EF8C7}.Debug|x86.Build.0 = Debug|Win32
		{D029196E-4046-4CF2-97AE-CB50800EF8C7}.Release|x64.ActiveCfg = Release|x64
		{D029196E-4046-4CF2-97AE-CB50800EF8C7}.Release|x64.Build.0 = Release|x64
		{D029196E-4046-4CF2-97AE-CB50800EF8C7}.Release|x86.ActiveCfg = Release|Win32
		{D029196E-4046-4CF2-97AE-CB50800EF8C7}.Release|x86.Build.0 = Release|Win32
	EndGlobalSection
	GlobalSection(SolutionProperties) = preSolution
		HideSolutionNode = FALSE
	EndGlobalSection
	GlobalSection(ExtensibilityGlobals) = postSolution
		SolutionGuid = {95342D37-B9D9-4EB2-B6D7-83604183CFE9}
	EndGlobalSection
EndGlobal
